
Microsoft Visual Studio Solution File, Format Version 12.00
# Visual Studio Version 17
VisualStudioVersion = 17.4.33110.190
MinimumVisualStudioVersion = 10.0.40219.1
Project("{FAE04EC0-301F-11D3-BF4B-00C04F79EFBC}") = "Regex_Program", "Regex_Program\Regex_Program.csproj", "{4989C7C9-96FF-4E02-8EB2-BCA9823C94E2}"
EndProject
Global
	GlobalSection(SolutionConfigurationPlatforms) = preSolution
		Debug|Any CPU = Debug|Any CPU
		Release|Any CPU = Release|Any CPU
	EndGlobalSection
	GlobalSection(ProjectConfigurationPlatforms) = postSolution
		{4989C7C9-96FF-4E02-8EB2-BCA9823C94E2}.Debug|Any CPU.ActiveCfg = Debug|Any CPU
		{4989C7C9-96FF-4E02-8EB2-BCA9823C94E2}.Debug|Any CPU.Build.0 = Debug|Any CPU
		{4989C7C9-96FF-4E02-8EB2-BCA9823C94E2}.Release|Any CPU.ActiveCfg = Release|Any CPU
		{4989C7C9-96FF-4E02-8EB2-BCA9823C94E2}.Release|Any CPU.Build.0 = Release|Any CPU
	EndGlobalSection
	GlobalSection(SolutionProperties) = preSolution
		HideSolutionNode = FALSE
	EndGlobalSection
	GlobalSection(ExtensibilityGlobals) = postSolution
		SolutionGuid = {5CD66760-0835-435B-BB29-3FECD321746E}
	EndGlobalSection
EndGlobal
